{
  "name": "public",
  "version": "1.0.0",
  "lockfileVersion": 2,
  "requires": true,
  "packages": {
    "": {
      "name": "public",
      "version": "1.0.0",
      "license": "ISC",
      "dependencies": {
        "bootstrap": "^5.1.3",
        "bootstrap-icons": "^1.8.1",
        "bootswatch": "^5.1.3",
        "icons": "^1.0.0"
      }
    },
    "node_modules/@popperjs/core": {
      "version": "2.11.5",
      "resolved": "https://registry.npmjs.org/@popperjs/core/-/core-2.11.5.tgz",
      "integrity": "sha512-9X2obfABZuDVLCgPK9aX0a/x4jaOEweTTWE2+9sr0Qqqevj2Uv5XorvusThmc9XGYpS9yI+fhh8RTafBtGposw==",
      "peer": true,
      "funding": {
        "type": "opencollective",
        "url": "https://opencollective.com/popperjs"
      }
    },
    "node_modules/bootstrap": {
      "version": "5.1.3",
      "resolved": "https://registry.npmjs.org/bootstrap/-/bootstrap-5.1.3.tgz",
      "integrity": "sha512-fcQztozJ8jToQWXxVuEyXWW+dSo8AiXWKwiSSrKWsRB/Qt+Ewwza+JWoLKiTuQLaEPhdNAJ7+Dosc9DOIqNy7Q==",
      "funding": {
        "type": "opencollective",
        "url": "https://opencollective.com/bootstrap"
      },
      "peerDependencies": {
        "@popperjs/core": "^2.10.2"
      }
    },
    "node_modules/bootstrap-icons": {
      "version": "1.8.1",
      "resolved": "https://registry.npmjs.org/bootstrap-icons/-/bootstrap-icons-1.8.1.tgz",
      "integrity": "sha512-IXUqislddPJfwq6H+2nTkHyr9epO9h6u1AG0OZCx616w+TgzeoCjfmI3qJMQqt1J586gN2IxzB4M99Ip4sTZ1w==",
      "engines": {
        "node": ">=10"
      }
    },
    "node_modules/bootswatch": {
      "version": "5.1.3",
      "resolved": "https://registry.npmjs.org/bootswatch/-/bootswatch-5.1.3.tgz",
      "integrity": "sha512-NmZFN6rOCoXWQ/PkzmD8FFWDe24kocX9OXWHNVaLxVVnpqpAzEbMFsf8bAfKwVtpNXibasZCzv09B5fLieAh2g=="
    },
    "node_modules/icons": {
      "version": "1.0.0",
      "resolved": "https://registry.npmjs.org/icons/-/icons-1.0.0.tgz",
      "integrity": "sha512-7POum3AHKovjEEXg4ITL2opTzGjnN2UnUIhv5LsUX+SjKBsFMjRyANShrCubt0KQdNdcX2wAym+JXOt6LceuYA==",
      "deprecated": "Package no longer supported. Contact support@npmjs.com for more info."
    }
  },
  "dependencies": {
    "@popperjs/core": {
      "version": "2.11.5",
      "resolved": "https://registry.npmjs.org/@popperjs/core/-/core-2.11.5.tgz",
      "integrity": "sha512-9X2obfABZuDVLCgPK9aX0a/x4jaOEweTTWE2+9sr0Qqqevj2Uv5XorvusThmc9XGYpS9yI+fhh8RTafBtGposw==",
      "peer": true
    },
    "bootstrap": {
      "version": "5.1.3",
      "resolved": "https://registry.npmjs.org/bootstrap/-/bootstrap-5.1.3.tgz",
      "integrity": "sha512-fcQztozJ8jToQWXxVuEyXWW+dSo8AiXWKwiSSrKWsRB/Qt+Ewwza+JWoLKiTuQLaEPhdNAJ7+Dosc9DOIqNy7Q==",
      "requires": {}
    },
    "bootstrap-icons": {
      "version": "1.8.1",
      "resolved": "https://registry.npmjs.org/bootstrap-icons/-/bootstrap-icons-1.8.1.tgz",
      "integrity": "sha512-IXUqislddPJfwq6H+2nTkHyr9epO9h6u1AG0OZCx616w+TgzeoCjfmI3qJMQqt1J586gN2IxzB4M99Ip4sTZ1w=="
    },
    "bootswatch": {
      "version": "5.1.3",
      "resolved": "https://registry.npmjs.org/bootswatch/-/bootswatch-5.1.3.tgz",
      "integrity": "sha512-NmZFN6rOCoXWQ/PkzmD8FFWDe24kocX9OXWHNVaLxVVnpqpAzEbMFsf8bAfKwVtpNXibasZCzv09B5fLieAh2g=="
    },
    "icons": {
      "version": "1.0.0",
      "resolved": "https://registry.npmjs.org/icons/-/icons-1.0.0.tgz",
      "integrity": "sha512-7POum3AHKovjEEXg4ITL2opTzGjnN2UnUIhv5LsUX+SjKBsFMjRyANShrCubt0KQdNdcX2wAym+JXOt6LceuYA=="
    }
  }
}
